
Microsoft Visual Studio Solution File, Format Version 12.00
# Visual Studio Version 16
VisualStudioVersion = 16.0.30709.132
MinimumVisualStudioVersion = 10.0.40219.1
Project("{9A19103F-16F7-4668-BE54-9A1E7A4F7556}") = "TicTacToe", "TicTacToe\TicTacToe.csproj", "{0DD797FF-2A73-4C14-B76C-A27D0951AE43}"
EndProject
Project("{9A19103F-16F7-4668-BE54-9A1E7A4F7556}") = "ATM", "ATM\ATM.csproj", "{8B7BFF32-341E-4D9F-80B2-BBA009E4E2A3}"
EndProject
Project("{9A19103F-16F7-4668-BE54-9A1E7A4F7556}") = "Datentypen", "Datentypen\Datentypen.csproj", "{F51F4404-4ADA-44CB-BE51-0B34B91501FD}"
EndProject
Project("{9A19103F-16F7-4668-BE54-9A1E7A4F7556}") = "FPSCounter", "FPSCounter\FPSCounter.csproj", "{317A2B85-A116-4A69-ABA6-2A13FB87D8CD}"
EndProject
Project("{9A19103F-16F7-4668-BE54-9A1E7A4F7556}") = "Generics", "Generics\Generics.csproj", "{557592FB-3686-41ED-8278-D2E9AEF2F7A4}"
EndProject
Project("{9A19103F-16F7-4668-BE54-9A1E7A4F7556}") = "Kaffeeautomat", "Kaffeeautomat\Kaffeeautomat.csproj", "{6C075F5F-22E2-488F-BE85-F426773EE46F}"
EndProject
Project("{9A19103F-16F7-4668-BE54-9A1E7A4F7556}") = "Kontrollstrukturen", "Kontrollstrukturen\Kontrollstrukturen.csproj", "{27935A57-41FA-425F-B7D4-1BE911AF6D4D}"
EndProject
Project("{9A19103F-16F7-4668-BE54-9A1E7A4F7556}") = "Methods", "Methods\Methods.csproj", "{82FDBA5C-AADC-4780-9CA5-73627450ADCC}"
EndProject
Project("{9A19103F-16F7-4668-BE54-9A1E7A4F7556}") = "Objects", "Objects\Objects.csproj", "{0A7C413B-2842-40BD-8F91-07D394C6D1FD}"
EndProject
Project("{9A19103F-16F7-4668-BE54-9A1E7A4F7556}") = "Taschenrechner", "Taschenrechner\Taschenrechner.csproj", "{4780985B-987C-48E6-ADCC-3F8BF96D78C1}"
EndProject
Project("{9A19103F-16F7-4668-BE54-9A1E7A4F7556}") = "TicTacToe_Test", "TicTacToe_Test\TicTacToe_Test.csproj", "{6B6F6FF0-E635-46CB-B2B5-D28CB6A726DB}"
EndProject
Project("{9A19103F-16F7-4668-BE54-9A1E7A4F7556}") = "Sortieren", "Sortieren\Sortieren.csproj", "{81DB19D4-52B7-480B-80DA-FF4EBC678F6B}"
EndProject
Project("{FAE04EC0-301F-11D3-BF4B-00C04F79EFBC}") = "Schleifenuebung", "Schleifenuebung\Schleifenuebung.csproj", "{F40CEB04-87D2-490E-BF09-932340946162}"
EndProject
Global
	GlobalSection(SolutionConfigurationPlatforms) = preSolution
		Debug|Any CPU = Debug|Any CPU
		Release|Any CPU = Release|Any CPU
	EndGlobalSection
	GlobalSection(ProjectConfigurationPlatforms) = postSolution
		{0DD797FF-2A73-4C14-B76C-A27D0951AE43}.Debug|Any CPU.ActiveCfg = Debug|Any CPU
		{0DD797FF-2A73-4C14-B76C-A27D0951AE43}.Debug|Any CPU.Build.0 = Debug|Any CPU
		{0DD797FF-2A73-4C14-B76C-A27D0951AE43}.Release|Any CPU.ActiveCfg = Release|Any CPU
		{0DD797FF-2A73-4C14-B76C-A27D0951AE43}.Release|Any CPU.Build.0 = Release|Any CPU
		{8B7BFF32-341E-4D9F-80B2-BBA009E4E2A3}.Debug|Any CPU.ActiveCfg = Debug|Any CPU
		{8B7BFF32-341E-4D9F-80B2-BBA009E4E2A3}.Debug|Any CPU.Build.0 = Debug|Any CPU
		{8B7BFF32-341E-4D9F-80B2-BBA009E4E2A3}.Release|Any CPU.ActiveCfg = Release|Any CPU
		{8B7BFF32-341E-4D9F-80B2-BBA009E4E2A3}.Release|Any CPU.Build.0 = Release|Any CPU
		{F51F4404-4ADA-44CB-BE51-0B34B91501FD}.Debug|Any CPU.ActiveCfg = Debug|Any CPU
		{F51F4404-4ADA-44CB-BE51-0B34B91501FD}.Debug|Any CPU.Build.0 = Debug|Any CPU
		{F51F4404-4ADA-44CB-BE51-0B34B91501FD}.Release|Any CPU.ActiveCfg = Release|Any CPU
		{F51F4404-4ADA-44CB-BE51-0B34B91501FD}.Release|Any CPU.Build.0 = Release|Any CPU
		{317A2B85-A116-4A69-ABA6-2A13FB87D8CD}.Debug|Any CPU.ActiveCfg = Debug|Any CPU
		{317A2B85-A116-4A69-ABA6-2A13FB87D8CD}.Debug|Any CPU.Build.0 = Debug|Any CPU
		{317A2B85-A116-4A69-ABA6-2A13FB87D8CD}.Release|Any CPU.ActiveCfg = Release|Any CPU
		{317A2B85-A116-4A69-ABA6-2A13FB87D8CD}.Release|Any CPU.Build.0 = Release|Any CPU
		{557592FB-3686-41ED-8278-D2E9AEF2F7A4}.Debug|Any CPU.ActiveCfg = Debug|Any CPU
		{557592FB-3686-41ED-8278-D2E9AEF2F7A4}.Debug|Any CPU.Build.0 = Debug|Any CPU
		{557592FB-3686-41ED-8278-D2E9AEF2F7A4}.Release|Any CPU.ActiveCfg = Release|Any CPU
		{557592FB-3686-41ED-8278-D2E9AEF2F7A4}.Release|Any CPU.Build.0 = Release|Any CPU
		{6C075F5F-22E2-488F-BE85-F426773EE46F}.Debug|Any CPU.ActiveCfg = Debug|Any CPU
		{6C075F5F-22E2-488F-BE85-F426773EE46F}.Debug|Any CPU.Build.0 = Debug|Any CPU
		{6C075F5F-22E2-488F-BE85-F426773EE46F}.Release|Any CPU.ActiveCfg = Release|Any CPU
		{6C075F5F-22E2-488F-BE85-F426773EE46F}.Release|Any CPU.Build.0 = Release|Any CPU
		{27935A57-41FA-425F-B7D4-1BE911AF6D4D}.Debug|Any CPU.ActiveCfg = Debug|Any CPU
		{27935A57-41FA-425F-B7D4-1BE911AF6D4D}.Debug|Any CPU.Build.0 = Debug|Any CPU
		{27935A57-41FA-425F-B7D4-1BE911AF6D4D}.Release|Any CPU.ActiveCfg = Release|Any CPU
		{27935A57-41FA-425F-B7D4-1BE911AF6D4D}.Release|Any CPU.Build.0 = Release|Any CPU
		{82FDBA5C-AADC-4780-9CA5-73627450ADCC}.Debug|Any CPU.ActiveCfg = Debug|Any CPU
		{82FDBA5C-AADC-4780-9CA5-73627450ADCC}.Debug|Any CPU.Build.0 = Debug|Any CPU
		{82FDBA5C-AADC-4780-9CA5-73627450ADCC}.Release|Any CPU.ActiveCfg = Release|Any CPU
		{82FDBA5C-AADC-4780-9CA5-73627450ADCC}.Release|Any CPU.Build.0 = Release|Any CPU
		{0A7C413B-2842-40BD-8F91-07D394C6D1FD}.Debug|Any CPU.ActiveCfg = Debug|Any CPU
		{0A7C413B-2842-40BD-8F91-07D394C6D1FD}.Debug|Any CPU.Build.0 = Debug|Any CPU
		{0A7C413B-2842-40BD-8F91-07D394C6D1FD}.Release|Any CPU.ActiveCfg = Release|Any CPU
		{0A7C413B-2842-40BD-8F91-07D394C6D1FD}.Release|Any CPU.Build.0 = Release|Any CPU
		{4780985B-987C-48E6-ADCC-3F8BF96D78C1}.Debug|Any CPU.ActiveCfg = Debug|Any CPU
		{4780985B-987C-48E6-ADCC-3F8BF96D78C1}.Debug|Any CPU.Build.0 = Debug|Any CPU
		{4780985B-987C-48E6-ADCC-3F8BF96D78C1}.Release|Any CPU.ActiveCfg = Release|Any CPU
		{4780985B-987C-48E6-ADCC-3F8BF96D78C1}.Release|Any CPU.Build.0 = Release|Any CPU
		{6B6F6FF0-E635-46CB-B2B5-D28CB6A726DB}.Debug|Any CPU.ActiveCfg = Debug|Any CPU
		{6B6F6FF0-E635-46CB-B2B5-D28CB6A726DB}.Debug|Any CPU.Build.0 = Debug|Any CPU
		{6B6F6FF0-E635-46CB-B2B5-D28CB6A726DB}.Release|Any CPU.ActiveCfg = Release|Any CPU
		{6B6F6FF0-E635-46CB-B2B5-D28CB6A726DB}.Release|Any CPU.Build.0 = Release|Any CPU
		{81DB19D4-52B7-480B-80DA-FF4EBC678F6B}.Debug|Any CPU.ActiveCfg = Debug|Any CPU
		{81DB19D4-52B7-480B-80DA-FF4EBC678F6B}.Debug|Any CPU.Build.0 = Debug|Any CPU
		{81DB19D4-52B7-480B-80DA-FF4EBC678F6B}.Release|Any CPU.ActiveCfg = Release|Any CPU
		{81DB19D4-52B7-480B-80DA-FF4EBC678F6B}.Release|Any CPU.Build.0 = Release|Any CPU
		{F40CEB04-87D2-490E-BF09-932340946162}.Debug|Any CPU.ActiveCfg = Debug|Any CPU
		{F40CEB04-87D2-490E-BF09-932340946162}.Debug|Any CPU.Build.0 = Debug|Any CPU
		{F40CEB04-87D2-490E-BF09-932340946162}.Release|Any CPU.ActiveCfg = Release|Any CPU
		{F40CEB04-87D2-490E-BF09-932340946162}.Release|Any CPU.Build.0 = Release|Any CPU
	EndGlobalSection
	GlobalSection(SolutionProperties) = preSolution
		HideSolutionNode = FALSE
	EndGlobalSection
	GlobalSection(ExtensibilityGlobals) = postSolution
		SolutionGuid = {5E746641-67F4-4E29-9717-069E78F733BE}
	EndGlobalSection
EndGlobal
