
Microsoft Visual Studio Solution File, Format Version 12.00
# Visual Studio Version 16
VisualStudioVersion = 16.0.30709.132
MinimumVisualStudioVersion = 10.0.40219.1
Project("{FAE04EC0-301F-11D3-BF4B-00C04F79EFBC}") = "Anwendungsentwicklung-Teil1", "Anwendungsentwicklung-Teil1\Anwendungsentwicklung-Teil1.csproj", "{F45F5239-47B3-48BF-A4FD-C3BBE44087D9}"
EndProject
Project("{FAE04EC0-301F-11D3-BF4B-00C04F79EFBC}") = "TicTacToe", "TicTacToe\TicTacToe.csproj", "{0DD797FF-2A73-4C14-B76C-A27D0951AE43}"
EndProject
Global
	GlobalSection(SolutionConfigurationPlatforms) = preSolution
		Debug|Any CPU = Debug|Any CPU
		Release|Any CPU = Release|Any CPU
	EndGlobalSection
	GlobalSection(ProjectConfigurationPlatforms) = postSolution
		{F45F5239-47B3-48BF-A4FD-C3BBE44087D9}.Debug|Any CPU.ActiveCfg = Debug|Any CPU
		{F45F5239-47B3-48BF-A4FD-C3BBE44087D9}.Debug|Any CPU.Build.0 = Debug|Any CPU
		{F45F5239-47B3-48BF-A4FD-C3BBE44087D9}.Release|Any CPU.ActiveCfg = Release|Any CPU
		{F45F5239-47B3-48BF-A4FD-C3BBE44087D9}.Release|Any CPU.Build.0 = Release|Any CPU
		{0DD797FF-2A73-4C14-B76C-A27D0951AE43}.Debug|Any CPU.ActiveCfg = Debug|Any CPU
		{0DD797FF-2A73-4C14-B76C-A27D0951AE43}.Debug|Any CPU.Build.0 = Debug|Any CPU
		{0DD797FF-2A73-4C14-B76C-A27D0951AE43}.Release|Any CPU.ActiveCfg = Release|Any CPU
		{0DD797FF-2A73-4C14-B76C-A27D0951AE43}.Release|Any CPU.Build.0 = Release|Any CPU
	EndGlobalSection
	GlobalSection(SolutionProperties) = preSolution
		HideSolutionNode = FALSE
	EndGlobalSection
	GlobalSection(ExtensibilityGlobals) = postSolution
		SolutionGuid = {5E746641-67F4-4E29-9717-069E78F733BE}
	EndGlobalSection
EndGlobal
